
Microsoft Visual Studio Solution File, Format Version 12.00
# Visual Studio Version 17
VisualStudioVersion = 17.8.34322.80
MinimumVisualStudioVersion = 10.0.40219.1
Project("{8BC9CEB8-8B4A-11D0-8D11-00A0C91BC942}") = "graphics", "graphics\graphics.vcxproj", "{CA0E4560-6898-4AB8-87EC-D8431E1D71BB}"
EndProject
Project("{8BC9CEB8-8B4A-11D0-8D11-00A0C91BC942}") = "test", "test\test.vcxproj", "{FE9168A3-5736-4D43-A3AB-0DBAD318B6E6}"
EndProject
Global
	GlobalSection(SolutionConfigurationPlatforms) = preSolution
		Debug|x64 = Debug|x64
		Debug|x86 = Debug|x86
		Release|x64 = Release|x64
		Release|x86 = Release|x86
	EndGlobalSection
	GlobalSection(ProjectConfigurationPlatforms) = postSolution
		{CA0E4560-6898-4AB8-87EC-D8431E1D71BB}.Debug|x64.ActiveCfg = Debug|x64
		{CA0E4560-6898-4AB8-87EC-D8431E1D71BB}.Debug|x64.Build.0 = Debug|x64
		{CA0E4560-6898-4AB8-87EC-D8431E1D71BB}.Debug|x86.ActiveCfg = Debug|Win32
		{CA0E4560-6898-4AB8-87EC-D8431E1D71BB}.Debug|x86.Build.0 = Debug|Win32
		{CA0E4560-6898-4AB8-87EC-D8431E1D71BB}.Release|x64.ActiveCfg = Release|x64
		{CA0E4560-6898-4AB8-87EC-D8431E1D71BB}.Release|x64.Build.0 = Release|x64
		{CA0E4560-6898-4AB8-87EC-D8431E1D71BB}.Release|x86.ActiveCfg = Release|Win32
		{CA0E4560-6898-4AB8-87EC-D8431E1D71BB}.Release|x86.Build.0 = Release|Win32
		{FE9168A3-5736-4D43-A3AB-0DBAD318B6E6}.Debug|x64.ActiveCfg = Debug|x64
		{FE9168A3-5736-4D43-A3AB-0DBAD318B6E6}.Debug|x64.Build.0 = Debug|x64
		{FE9168A3-5736-4D43-A3AB-0DBAD318B6E6}.Debug|x86.ActiveCfg = Debug|Win32
		{FE9168A3-5736-4D43-A3AB-0DBAD318B6E6}.Debug|x86.Build.0 = Debug|Win32
		{FE9168A3-5736-4D43-A3AB-0DBAD318B6E6}.Release|x64.ActiveCfg = Release|x64
		{FE9168A3-5736-4D43-A3AB-0DBAD318B6E6}.Release|x64.Build.0 = Release|x64
		{FE9168A3-5736-4D43-A3AB-0DBAD318B6E6}.Release|x86.ActiveCfg = Release|Win32
		{FE9168A3-5736-4D43-A3AB-0DBAD318B6E6}.Release|x86.Build.0 = Release|Win32
	EndGlobalSection
	GlobalSection(SolutionProperties) = preSolution
		HideSolutionNode = FALSE
	EndGlobalSection
	GlobalSection(ExtensibilityGlobals) = postSolution
		SolutionGuid = {94FFCFDB-543E-496D-B8E2-CF0701E15867}
	EndGlobalSection
EndGlobal
